# THIS IS AN AUTOGENERATED FILE. DO NOT EDIT THIS FILE DIRECTLY.
# yarn lockfile v1


"@actions/core@^1.2.3":
  version "1.2.4"
  resolved "https://registry.npm.taobao.org/@actions/core/download/@actions/core-1.2.4.tgz#96179dbf9f8d951dd74b40a0dbd5c22555d186ab"
  integrity sha1-lhedv5+NlR3XS0Cg29XCJVXRhqs=

axios@^0.19.2:
  version "0.19.2"
  resolved "https://registry.npm.taobao.org/axios/download/axios-0.19.2.tgz#3ea36c5d8818d0d5f8a8a97a6d36b86cdc00cb27"
  integrity sha1-PqNsXYgY0NX4qKl6bTa4bNwAyyc=
  dependencies:
    follow-redirects "1.5.10"

follow-redirects@1.5.10, follow-redirects@^1.12.1:
  version "1.12.1"
  resolved "https://registry.npm.taobao.org/follow-redirects/download/follow-redirects-1.12.1.tgz?cache=0&sync_timestamp=1592518530318&other_urls=https%3A%2F%2Fregistry.npm.taobao.org%2Ffollow-redirects%2Fdownload%2Ffollow-redirects-1.12.1.tgz#de54a6205311b93d60398ebc01cf7015682312b6"
  integrity sha1-3lSmIFMRuT1gOY68Ac9wFWgjErY=
